github.com/raptordev21/console v0.2.1 h1:BtF+OyR5rWv6c92gtL1aCqLNyuJhsD7OF/4gG7OLOHM=
github.com/raptordev21/console v0.2.1/go.mod h1:IbGuIDUuGEq9OWMi6lzY+TFLHyBoLVXEcZMO7Q9MhF0=
github.com/raptordev21/console v1.0.1 h1:v/juw6GjcCqBR+RlVd+DVtJJro0V9HOg5DvrhFQC9zs=
github.com/raptordev21/console v1.0.1/go.mod h1:IbGuIDUuGEq9OWMi6lzY+TFLHyBoLVXEcZMO7Q9MhF0=
